
Microsoft Visual Studio Solution File, Format Version 12.00
# Visual Studio Version 16
VisualStudioVersion = 16.0.29025.244
MinimumVisualStudioVersion = 10.0.40219.1
Project("{FAE04EC0-301F-11D3-BF4B-00C04F79EFBC}") = "Yeti G-Spec Style Guide", "Yeti G-Spec Style Guide.csproj", "{828714B3-8206-4D47-B507-112E9D8E329C}"
EndProject
Global
	GlobalSection(SolutionConfigurationPlatforms) = preSolution
		Debug|Any CPU = Debug|Any CPU
		Release|Any CPU = Release|Any CPU
	EndGlobalSection
	GlobalSection(ProjectConfigurationPlatforms) = postSolution
		{828714B3-8206-4D47-B507-112E9D8E329C}.Debug|Any CPU.ActiveCfg = Debug|Any CPU
		{828714B3-8206-4D47-B507-112E9D8E329C}.Debug|Any CPU.Build.0 = Debug|Any CPU
		{828714B3-8206-4D47-B507-112E9D8E329C}.Release|Any CPU.ActiveCfg = Release|Any CPU
		{828714B3-8206-4D47-B507-112E9D8E329C}.Release|Any CPU.Build.0 = Release|Any CPU
	EndGlobalSection
	GlobalSection(SolutionProperties) = preSolution
		HideSolutionNode = FALSE
	EndGlobalSection
	GlobalSection(ExtensibilityGlobals) = postSolution
		SolutionGuid = {54EACA66-4965-44F1-B64A-4F00E739B6D4}
	EndGlobalSection
EndGlobal
